
Microsoft Visual Studio Solution File, Format Version 12.00
# Visual Studio 15
VisualStudioVersion = 15.0.26124.0
MinimumVisualStudioVersion = 15.0.26124.0
Project("{FAE04EC0-301F-11D3-BF4B-00C04F79EFBC}") = "GameTop", "GameTop\GameTop.csproj", "{49A436DB-2B06-407D-BB1C-ECCFFBDDE0D8}"
EndProject
Project("{FAE04EC0-301F-11D3-BF4B-00C04F79EFBC}") = "GameTop.Lib", "GameTop.Lib\GameTop.Lib.csproj", "{4901E9D8-FC14-4967-BE7C-E34EABC2EA90}"
EndProject
Project("{FAE04EC0-301F-11D3-BF4B-00C04F79EFBC}") = "GameTop.Interface", "GameTop.Interface\GameTop.Interface.csproj", "{9EA929B2-3464-4C0D-B536-253B38C73801}"
EndProject
Global
	GlobalSection(SolutionConfigurationPlatforms) = preSolution
		Debug|Any CPU = Debug|Any CPU
		Debug|x64 = Debug|x64
		Debug|x86 = Debug|x86
		Release|Any CPU = Release|Any CPU
		Release|x64 = Release|x64
		Release|x86 = Release|x86
	EndGlobalSection
	GlobalSection(SolutionProperties) = preSolution
		HideSolutionNode = FALSE
	EndGlobalSection
	GlobalSection(ProjectConfigurationPlatforms) = postSolution
		{49A436DB-2B06-407D-BB1C-ECCFFBDDE0D8}.Debug|Any CPU.ActiveCfg = Debug|Any CPU
		{49A436DB-2B06-407D-BB1C-ECCFFBDDE0D8}.Debug|Any CPU.Build.0 = Debug|Any CPU
		{49A436DB-2B06-407D-BB1C-ECCFFBDDE0D8}.Debug|x64.ActiveCfg = Debug|Any CPU
		{49A436DB-2B06-407D-BB1C-ECCFFBDDE0D8}.Debug|x64.Build.0 = Debug|Any CPU
		{49A436DB-2B06-407D-BB1C-ECCFFBDDE0D8}.Debug|x86.ActiveCfg = Debug|Any CPU
		{49A436DB-2B06-407D-BB1C-ECCFFBDDE0D8}.Debug|x86.Build.0 = Debug|Any CPU
		{49A436DB-2B06-407D-BB1C-ECCFFBDDE0D8}.Release|Any CPU.ActiveCfg = Release|Any CPU
		{49A436DB-2B06-407D-BB1C-ECCFFBDDE0D8}.Release|Any CPU.Build.0 = Release|Any CPU
		{49A436DB-2B06-407D-BB1C-ECCFFBDDE0D8}.Release|x64.ActiveCfg = Release|Any CPU
		{49A436DB-2B06-407D-BB1C-ECCFFBDDE0D8}.Release|x64.Build.0 = Release|Any CPU
		{49A436DB-2B06-407D-BB1C-ECCFFBDDE0D8}.Release|x86.ActiveCfg = Release|Any CPU
		{49A436DB-2B06-407D-BB1C-ECCFFBDDE0D8}.Release|x86.Build.0 = Release|Any CPU
		{4901E9D8-FC14-4967-BE7C-E34EABC2EA90}.Debug|Any CPU.ActiveCfg = Debug|Any CPU
		{4901E9D8-FC14-4967-BE7C-E34EABC2EA90}.Debug|Any CPU.Build.0 = Debug|Any CPU
		{4901E9D8-FC14-4967-BE7C-E34EABC2EA90}.Debug|x64.ActiveCfg = Debug|Any CPU
		{4901E9D8-FC14-4967-BE7C-E34EABC2EA90}.Debug|x64.Build.0 = Debug|Any CPU
		{4901E9D8-FC14-4967-BE7C-E34EABC2EA90}.Debug|x86.ActiveCfg = Debug|Any CPU
		{4901E9D8-FC14-4967-BE7C-E34EABC2EA90}.Debug|x86.Build.0 = Debug|Any CPU
		{4901E9D8-FC14-4967-BE7C-E34EABC2EA90}.Release|Any CPU.ActiveCfg = Release|Any CPU
		{4901E9D8-FC14-4967-BE7C-E34EABC2EA90}.Release|Any CPU.Build.0 = Release|Any CPU
		{4901E9D8-FC14-4967-BE7C-E34EABC2EA90}.Release|x64.ActiveCfg = Release|Any CPU
		{4901E9D8-FC14-4967-BE7C-E34EABC2EA90}.Release|x64.Build.0 = Release|Any CPU
		{4901E9D8-FC14-4967-BE7C-E34EABC2EA90}.Release|x86.ActiveCfg = Release|Any CPU
		{4901E9D8-FC14-4967-BE7C-E34EABC2EA90}.Release|x86.Build.0 = Release|Any CPU
		{9EA929B2-3464-4C0D-B536-253B38C73801}.Debug|Any CPU.ActiveCfg = Debug|Any CPU
		{9EA929B2-3464-4C0D-B536-253B38C73801}.Debug|Any CPU.Build.0 = Debug|Any CPU
		{9EA929B2-3464-4C0D-B536-253B38C73801}.Debug|x64.ActiveCfg = Debug|Any CPU
		{9EA929B2-3464-4C0D-B536-253B38C73801}.Debug|x64.Build.0 = Debug|Any CPU
		{9EA929B2-3464-4C0D-B536-253B38C73801}.Debug|x86.ActiveCfg = Debug|Any CPU
		{9EA929B2-3464-4C0D-B536-253B38C73801}.Debug|x86.Build.0 = Debug|Any CPU
		{9EA929B2-3464-4C0D-B536-253B38C73801}.Release|Any CPU.ActiveCfg = Release|Any CPU
		{9EA929B2-3464-4C0D-B536-253B38C73801}.Release|Any CPU.Build.0 = Release|Any CPU
		{9EA929B2-3464-4C0D-B536-253B38C73801}.Release|x64.ActiveCfg = Release|Any CPU
		{9EA929B2-3464-4C0D-B536-253B38C73801}.Release|x64.Build.0 = Release|Any CPU
		{9EA929B2-3464-4C0D-B536-253B38C73801}.Release|x86.ActiveCfg = Release|Any CPU
		{9EA929B2-3464-4C0D-B536-253B38C73801}.Release|x86.Build.0 = Release|Any CPU
	EndGlobalSection
EndGlobal
